
Microsoft Visual Studio Solution File, Format Version 12.00
# Visual Studio Version 17
VisualStudioVersion = 17.10.34928.147
MinimumVisualStudioVersion = 10.0.40219.1
Project("{9A19103F-16F7-4668-BE54-9A1E7A4F7556}") = "Fiap.Api.DesastresNaturais", "Fiap.Api.DesastresNaturais\Fiap.Api.DesastresNaturais.csproj", "{A0497C35-ED21-421C-AAB7-D4FDA738CF12}"
EndProject
Project("{FAE04EC0-301F-11D3-BF4B-00C04F79EFBC}") = "Fiap.Web.DesastresNaturais.Tests", "Fiap.Web.DesastresNaturais.Tests\Fiap.Web.DesastresNaturais.Tests.csproj", "{4226BE2B-94C0-451E-82A5-8E47863FA875}"
EndProject
Global
	GlobalSection(SolutionConfigurationPlatforms) = preSolution
		Debug|Any CPU = Debug|Any CPU
		Release|Any CPU = Release|Any CPU
	EndGlobalSection
	GlobalSection(ProjectConfigurationPlatforms) = postSolution
		{A0497C35-ED21-421C-AAB7-D4FDA738CF12}.Debug|Any CPU.ActiveCfg = Debug|Any CPU
		{A0497C35-ED21-421C-AAB7-D4FDA738CF12}.Debug|Any CPU.Build.0 = Debug|Any CPU
		{A0497C35-ED21-421C-AAB7-D4FDA738CF12}.Release|Any CPU.ActiveCfg = Release|Any CPU
		{A0497C35-ED21-421C-AAB7-D4FDA738CF12}.Release|Any CPU.Build.0 = Release|Any CPU
		{4226BE2B-94C0-451E-82A5-8E47863FA875}.Debug|Any CPU.ActiveCfg = Debug|Any CPU
		{4226BE2B-94C0-451E-82A5-8E47863FA875}.Debug|Any CPU.Build.0 = Debug|Any CPU
		{4226BE2B-94C0-451E-82A5-8E47863FA875}.Release|Any CPU.ActiveCfg = Release|Any CPU
		{4226BE2B-94C0-451E-82A5-8E47863FA875}.Release|Any CPU.Build.0 = Release|Any CPU
	EndGlobalSection
	GlobalSection(SolutionProperties) = preSolution
		HideSolutionNode = FALSE
	EndGlobalSection
	GlobalSection(ExtensibilityGlobals) = postSolution
		SolutionGuid = {E20CC851-74A8-431B-ACDC-8F888F609675}
	EndGlobalSection
EndGlobal
